github.com/SENERGY-Platform/go-base-http-client v0.0.2 h1:sF4QDRkNjhnKQh6d8ujfxQRpeWzSTiBeYIK/aNWWOls=
github.com/SENERGY-Platform/go-base-http-client v0.0.2/go.mod h1:NfKW/relIVTkMXhz4OqZlzJXYPQUYEKxwqou8D0B/Kw=
github.com/SENERGY-Platform/go-service-base/job-hdl/lib v0.1.0 h1:MjYuuA6MoATJ491K5MFqyeEVolO8+5dkdrT2l4Lmj1Y=
github.com/SENERGY-Platform/go-service-base/job-hdl/lib v0.1.0/go.mod h1:+j0dc3Ey4IR+DeC26gIA6MoBTjf4TBH1DXQpnJPjx04=
github.com/SENERGY-Platform/go-service-base/srv-info-hdl/lib v0.0.2 h1:Bcdxt7i3DGGvlwS6U3NY9eGJjiPuv3ZpbMwebEUV+nE=
github.com/SENERGY-Platform/go-service-base/srv-info-hdl/lib v0.0.2/go.mod h1:vcvyLaSoZsScGQ8K/OuJxlANTs5FPozsLvPzFUZgiVM=
github.com/SENERGY-Platform/mgw-module-lib v0.19.0 h1:v6w0JUMjOhvBm9t3g+BDx26dNKGt2alC25rtvKGeGb0=
github.com/SENERGY-Platform/mgw-module-lib v0.19.0/go.mod h1:EIXS9Q/Clr+eBfnr+UgWwZ0vbqpZqDunCKrjpqTyppM=
github.com/SENERGY-Platform/mgw-module-manager/lib v0.7.0 h1:ftU2JftzVwU65XqCtGbxjdVi/uNSxO52SUcnzRsuss4=
github.com/SENERGY-Platform/mgw-module-manager/lib v0.7.0/go.mod h1:6+9jaFKLTMD5uRvcNV1J2So/6S7wzXeBNo3My/EuLXg=
