github.com/SENERGY-Platform/go-base-http-client v0.0.2 h1:sF4QDRkNjhnKQh6d8ujfxQRpeWzSTiBeYIK/aNWWOls=
github.com/SENERGY-Platform/go-base-http-client v0.0.2/go.mod h1:NfKW/relIVTkMXhz4OqZlzJXYPQUYEKxwqou8D0B/Kw=
github.com/SENERGY-Platform/mgw-module-lib v0.24.0 h1:Hqzoa4l8rv761Xi0qyxZNd219vAbglvdQCRt0buupmc=
github.com/SENERGY-Platform/mgw-module-lib v0.24.0/go.mod h1:Md++IxARoVsyZzfEUf4u7EIG79Cng0/1HVY/x4y5GyU=
github.com/SENERGY-Platform/mgw-module-manager/lib v0.8.0 h1:Wdy+LAeCN6G8/TIoNJ+6kEvnxZRkQ3qiFpkFMqdVJzM=
github.com/SENERGY-Platform/mgw-module-manager/lib v0.8.0/go.mod h1:WYFq3bboCh/vOldOyvB6TiukagpqZJuS1neHKhoEPeo=
